// !$*UTF8*$!
{
	archiveVersion = 1;
	classes = {
	};
	objectVersion = 77;
	objects = {

/* Begin PBXBuildFile section */
		2A6C59D22E7FE97900B3047D /* SceneDelegateTests.swift in Sources */ = {isa = PBXBuildFile; fileRef = 2A6C59D12E7FE97900B3047D /* SceneDelegateTests.swift */; };
		2A6C59D92E7FEABD00B3047D /* FeedImageDataLoaderPresentationAdapter.swift in Sources */ = {isa = PBXBuildFile; fileRef = 2A6C59D52E7FEABD00B3047D /* FeedImageDataLoaderPresentationAdapter.swift */; };
		2A6C59DA2E7FEABD00B3047D /* FeedLoaderPresentationAdapter.swift in Sources */ = {isa = PBXBuildFile; fileRef = 2A6C59D42E7FEABD00B3047D /* FeedLoaderPresentationAdapter.swift */; };
		2A6C59DB2E7FEABD00B3047D /* MainQueueDispatchDecorator.swift in Sources */ = {isa = PBXBuildFile; fileRef = 2A6C59D72E7FEABD00B3047D /* MainQueueDispatchDecorator.swift */; };
		2A6C59DC2E7FEABD00B3047D /* WeakRefVirtualProxy.swift in Sources */ = {isa = PBXBuildFile; fileRef = 2A6C59D82E7FEABD00B3047D /* WeakRefVirtualProxy.swift */; };
		2A6C59DD2E7FEABD00B3047D /* FeedUIComposer.swift in Sources */ = {isa = PBXBuildFile; fileRef = 2A6C59D32E7FEABD00B3047D /* FeedUIComposer.swift */; };
		2A6C59DE2E7FEABD00B3047D /* FeedViewAdapter.swift in Sources */ = {isa = PBXBuildFile; fileRef = 2A6C59D62E7FEABD00B3047D /* FeedViewAdapter.swift */; };
		2A6C59E02E7FEAF900B3047D /* FeedUIIntegrationTests.swift in Sources */ = {isa = PBXBuildFile; fileRef = 2A6C59DF2E7FEAF900B3047D /* FeedUIIntegrationTests.swift */; };
		2A6C59EA2E7FEB2700B3047D /* FeedImageCell+TestHelpers.swift in Sources */ = {isa = PBXBuildFile; fileRef = 2A6C59E82E7FEB2700B3047D /* FeedImageCell+TestHelpers.swift */; };
		2A6C59EB2E7FEB2700B3047D /* FeedViewController+TestHelpers.swift in Sources */ = {isa = PBXBuildFile; fileRef = 2A6C59E92E7FEB2700B3047D /* FeedViewController+TestHelpers.swift */; };
		2A6C59EC2E7FEB2700B3047D /* UIImage+TestHelpers.swift in Sources */ = {isa = PBXBuildFile; fileRef = 2A6C59E42E7FEB2700B3047D /* UIImage+TestHelpers.swift */; };
		2A6C59ED2E7FEB2700B3047D /* UIRefreshControl+TestHelpers.swift in Sources */ = {isa = PBXBuildFile; fileRef = 2A6C59E32E7FEB2700B3047D /* UIRefreshControl+TestHelpers.swift */; };
		2A6C59EE2E7FEB2700B3047D /* FeedViewControllerTests+Assertions.swift in Sources */ = {isa = PBXBuildFile; fileRef = 2A6C59E72E7FEB2700B3047D /* FeedViewControllerTests+Assertions.swift */; };
		2A6C59EF2E7FEB2700B3047D /* FeedViewControllerTests+Localization.swift in Sources */ = {isa = PBXBuildFile; fileRef = 2A6C59E52E7FEB2700B3047D /* FeedViewControllerTests+Localization.swift */; };
		2A6C59F02E7FEB2700B3047D /* UIControl+TestHelpers.swift in Sources */ = {isa = PBXBuildFile; fileRef = 2A6C59E12E7FEB2700B3047D /* UIControl+TestHelpers.swift */; };
		2A6C59F12E7FEB2700B3047D /* FeedViewControllerTests+LoaderSpy.swift in Sources */ = {isa = PBXBuildFile; fileRef = 2A6C59E62E7FEB2700B3047D /* FeedViewControllerTests+LoaderSpy.swift */; };
		2A6C59F22E7FEB2700B3047D /* UIButton+TestHelpers.swift in Sources */ = {isa = PBXBuildFile; fileRef = 2A6C59E22E7FEB2700B3047D /* UIButton+TestHelpers.swift */; };
		2A6C59F42E7FF25D00B3047D /* FeedAcceptanceTests.swift in Sources */ = {isa = PBXBuildFile; fileRef = 2A6C59F32E7FF25D00B3047D /* FeedAcceptanceTests.swift */; };
		2A6C59F62E7FFB1400B3047D /* HTTPClientStub.swift in Sources */ = {isa = PBXBuildFile; fileRef = 2A6C59F52E7FFB1400B3047D /* HTTPClientStub.swift */; };
		2A6C59F82E7FFB6E00B3047D /* InMemoryFeedStore.swift in Sources */ = {isa = PBXBuildFile; fileRef = 2A6C59F72E7FFB6E00B3047D /* InMemoryFeedStore.swift */; };
		2A7967F82E58C23C00A77FE1 /* AppDelegate.swift in Sources */ = {isa = PBXBuildFile; fileRef = 2A7967EE2E58C23C00A77FE1 /* AppDelegate.swift */; };
		2A7967F92E58C23C00A77FE1 /* SceneDelegate.swift in Sources */ = {isa = PBXBuildFile; fileRef = 2A7967F52E58C23C00A77FE1 /* SceneDelegate.swift */; };
		2A7967FA2E58C23C00A77FE1 /* ViewController.swift in Sources */ = {isa = PBXBuildFile; fileRef = 2A7967F62E58C23C00A77FE1 /* ViewController.swift */; };
		2A7967FB2E58C23C00A77FE1 /* Assets.xcassets in Resources */ = {isa = PBXBuildFile; fileRef = 2A7967EF2E58C23C00A77FE1 /* Assets.xcassets */; };
		2A7967FD2E58C23C00A77FE1 /* LaunchScreen.storyboard in Resources */ = {isa = PBXBuildFile; fileRef = 2A7967F22E58C23C00A77FE1 /* LaunchScreen.storyboard */; };
		2A7967FE2E58C23C00A77FE1 /* Main.storyboard in Resources */ = {isa = PBXBuildFile; fileRef = 2A7967F42E58C23C00A77FE1 /* Main.storyboard */; };
		2A7968072E58C33B00A77FE1 /* EssentialFeed.framework in Frameworks */ = {isa = PBXBuildFile; fileRef = 2A7968052E58C33B00A77FE1 /* EssentialFeed.framework */; };
		2A7968082E58C33B00A77FE1 /* EssentialFeed.framework in Embed Frameworks */ = {isa = PBXBuildFile; fileRef = 2A7968052E58C33B00A77FE1 /* EssentialFeed.framework */; settings = {ATTRIBUTES = (CodeSignOnCopy, RemoveHeadersOnCopy, ); }; };
		2A7968092E58C33B00A77FE1 /* EssentialFeediOS.framework in Frameworks */ = {isa = PBXBuildFile; fileRef = 2A7968062E58C33B00A77FE1 /* EssentialFeediOS.framework */; };
		2A79680A2E58C33B00A77FE1 /* EssentialFeediOS.framework in Embed Frameworks */ = {isa = PBXBuildFile; fileRef = 2A7968062E58C33B00A77FE1 /* EssentialFeediOS.framework */; settings = {ATTRIBUTES = (CodeSignOnCopy, RemoveHeadersOnCopy, ); }; };
		2A79680D2E58C5F200A77FE1 /* FeedLoaderWithFallbackCompositeTests.swift in Sources */ = {isa = PBXBuildFile; fileRef = 2A79680C2E58C5F200A77FE1 /* FeedLoaderWithFallbackCompositeTests.swift */; };
		2A7A48682E58C97E0057AA42 /* FeedLoaderWithFallbackComposite.swift in Sources */ = {isa = PBXBuildFile; fileRef = 2A7A48672E58C97E0057AA42 /* FeedLoaderWithFallbackComposite.swift */; };
		2A7A486A2E58CA2F0057AA42 /* FeedImageDataLoaderWithFallbackCompositeTests.swift in Sources */ = {isa = PBXBuildFile; fileRef = 2A7A48692E58CA2F0057AA42 /* FeedImageDataLoaderWithFallbackCompositeTests.swift */; };
		2A7A486C2E58CFEF0057AA42 /* FeedImageDataLoaderWithFallbackComposite.swift in Sources */ = {isa = PBXBuildFile; fileRef = 2A7A486B2E58CFEF0057AA42 /* FeedImageDataLoaderWithFallbackComposite.swift */; };
		2A7A486F2E58D0780057AA42 /* XCTestCase+MemoryLeakTracking.swift in Sources */ = {isa = PBXBuildFile; fileRef = 2A7A486E2E58D0780057AA42 /* XCTestCase+MemoryLeakTracking.swift */; };
		2A7A48712E58D0C80057AA42 /* SharedTestHelpers.swift in Sources */ = {isa = PBXBuildFile; fileRef = 2A7A48702E58D0C80057AA42 /* SharedTestHelpers.swift */; };
		2A9089222E59EC7A001E849C /* FeedLoaderCacheDecoratorTests.swift in Sources */ = {isa = PBXBuildFile; fileRef = 2A9089212E59EC7A001E849C /* FeedLoaderCacheDecoratorTests.swift */; };
		2A9089242E59EF6F001E849C /* FeedLoaderStub.swift in Sources */ = {isa = PBXBuildFile; fileRef = 2A9089232E59EF6F001E849C /* FeedLoaderStub.swift */; };
		2A9089262E59F074001E849C /* XCTestCase+FeedLoader.swift in Sources */ = {isa = PBXBuildFile; fileRef = 2A9089252E59F074001E849C /* XCTestCase+FeedLoader.swift */; };
		2A90892A2E59F7D6001E849C /* FeedLoaderCacheDecorator.swift in Sources */ = {isa = PBXBuildFile; fileRef = 2A9089292E59F7D6001E849C /* FeedLoaderCacheDecorator.swift */; };
		2A90892C2E59F8F7001E849C /* FeedImageDataLoaderCacheDecoratorTests.swift in Sources */ = {isa = PBXBuildFile; fileRef = 2A90892B2E59F8F7001E849C /* FeedImageDataLoaderCacheDecoratorTests.swift */; };
		2A90892E2E59FAF0001E849C /* FeedImageDataLoaderSpy.swift in Sources */ = {isa = PBXBuildFile; fileRef = 2A90892D2E59FAF0001E849C /* FeedImageDataLoaderSpy.swift */; };
		2A9089302E59FB4C001E849C /* XCTestCase+FeedImageDataLoader.swift in Sources */ = {isa = PBXBuildFile; fileRef = 2A90892F2E59FB4C001E849C /* XCTestCase+FeedImageDataLoader.swift */; };
		2A9089342E59FEBA001E849C /* FeedImageDataLoaderCacheDecorator.swift in Sources */ = {isa = PBXBuildFile; fileRef = 2A9089332E59FEBA001E849C /* FeedImageDataLoaderCacheDecorator.swift */; };
/* End PBXBuildFile section */

/* Begin PBXContainerItemProxy section */
		2A9DB12F2E5601D700458F6D /* PBXContainerItemProxy */ = {
			isa = PBXContainerItemProxy;
			containerPortal = 2A9DB1102E5601D500458F6D /* Project object */;
			proxyType = 1;
			remoteGlobalIDString = 2A9DB1172E5601D500458F6D;
			remoteInfo = EssentialApp;
		};
/* End PBXContainerItemProxy section */

/* Begin PBXCopyFilesBuildPhase section */
		2AD2AB172E5608FF00A25E20 /* Embed Frameworks */ = {
			isa = PBXCopyFilesBuildPhase;
			buildActionMask = 2147483647;
			dstPath = "";
			dstSubfolderSpec = 10;
			files = (
				2A7968082E58C33B00A77FE1 /* EssentialFeed.framework in Embed Frameworks */,
				2A79680A2E58C33B00A77FE1 /* EssentialFeediOS.framework in Embed Frameworks */,
			);
			name = "Embed Frameworks";
			runOnlyForDeploymentPostprocessing = 0;
		};
/* End PBXCopyFilesBuildPhase section */

/* Begin PBXFileReference section */
		2A6C59D12E7FE97900B3047D /* SceneDelegateTests.swift */ = {isa = PBXFileReference; lastKnownFileType = sourcecode.swift; path = SceneDelegateTests.swift; sourceTree = "<group>"; };
		2A6C59D32E7FEABD00B3047D /* FeedUIComposer.swift */ = {isa = PBXFileReference; lastKnownFileType = sourcecode.swift; path = FeedUIComposer.swift; sourceTree = "<group>"; };
		2A6C59D42E7FEABD00B3047D /* FeedLoaderPresentationAdapter.swift */ = {isa = PBXFileReference; lastKnownFileType = sourcecode.swift; path = FeedLoaderPresentationAdapter.swift; sourceTree = "<group>"; };
		2A6C59D52E7FEABD00B3047D /* FeedImageDataLoaderPresentationAdapter.swift */ = {isa = PBXFileReference; lastKnownFileType = sourcecode.swift; path = FeedImageDataLoaderPresentationAdapter.swift; sourceTree = "<group>"; };
		2A6C59D62E7FEABD00B3047D /* FeedViewAdapter.swift */ = {isa = PBXFileReference; lastKnownFileType = sourcecode.swift; path = FeedViewAdapter.swift; sourceTree = "<group>"; };
		2A6C59D72E7FEABD00B3047D /* MainQueueDispatchDecorator.swift */ = {isa = PBXFileReference; lastKnownFileType = sourcecode.swift; path = MainQueueDispatchDecorator.swift; sourceTree = "<group>"; };
		2A6C59D82E7FEABD00B3047D /* WeakRefVirtualProxy.swift */ = {isa = PBXFileReference; lastKnownFileType = sourcecode.swift; path = WeakRefVirtualProxy.swift; sourceTree = "<group>"; };
		2A6C59DF2E7FEAF900B3047D /* FeedUIIntegrationTests.swift */ = {isa = PBXFileReference; lastKnownFileType = sourcecode.swift; path = FeedUIIntegrationTests.swift; sourceTree = "<group>"; };
		2A6C59E12E7FEB2700B3047D /* UIControl+TestHelpers.swift */ = {isa = PBXFileReference; lastKnownFileType = sourcecode.swift; path = "UIControl+TestHelpers.swift"; sourceTree = "<group>"; };
		2A6C59E22E7FEB2700B3047D /* UIButton+TestHelpers.swift */ = {isa = PBXFileReference; lastKnownFileType = sourcecode.swift; path = "UIButton+TestHelpers.swift"; sourceTree = "<group>"; };
		2A6C59E32E7FEB2700B3047D /* UIRefreshControl+TestHelpers.swift */ = {isa = PBXFileReference; lastKnownFileType = sourcecode.swift; path = "UIRefreshControl+TestHelpers.swift"; sourceTree = "<group>"; };
		2A6C59E42E7FEB2700B3047D /* UIImage+TestHelpers.swift */ = {isa = PBXFileReference; lastKnownFileType = sourcecode.swift; path = "UIImage+TestHelpers.swift"; sourceTree = "<group>"; };
		2A6C59E52E7FEB2700B3047D /* FeedViewControllerTests+Localization.swift */ = {isa = PBXFileReference; lastKnownFileType = sourcecode.swift; path = "FeedViewControllerTests+Localization.swift"; sourceTree = "<group>"; };
		2A6C59E62E7FEB2700B3047D /* FeedViewControllerTests+LoaderSpy.swift */ = {isa = PBXFileReference; lastKnownFileType = sourcecode.swift; path = "FeedViewControllerTests+LoaderSpy.swift"; sourceTree = "<group>"; };
		2A6C59E72E7FEB2700B3047D /* FeedViewControllerTests+Assertions.swift */ = {isa = PBXFileReference; lastKnownFileType = sourcecode.swift; path = "FeedViewControllerTests+Assertions.swift"; sourceTree = "<group>"; };
		2A6C59E82E7FEB2700B3047D /* FeedImageCell+TestHelpers.swift */ = {isa = PBXFileReference; lastKnownFileType = sourcecode.swift; path = "FeedImageCell+TestHelpers.swift"; sourceTree = "<group>"; };
		2A6C59E92E7FEB2700B3047D /* FeedViewController+TestHelpers.swift */ = {isa = PBXFileReference; lastKnownFileType = sourcecode.swift; path = "FeedViewController+TestHelpers.swift"; sourceTree = "<group>"; };
		2A6C59F32E7FF25D00B3047D /* FeedAcceptanceTests.swift */ = {isa = PBXFileReference; lastKnownFileType = sourcecode.swift; path = FeedAcceptanceTests.swift; sourceTree = "<group>"; };
		2A6C59F52E7FFB1400B3047D /* HTTPClientStub.swift */ = {isa = PBXFileReference; lastKnownFileType = sourcecode.swift; path = HTTPClientStub.swift; sourceTree = "<group>"; };
		2A6C59F72E7FFB6E00B3047D /* InMemoryFeedStore.swift */ = {isa = PBXFileReference; lastKnownFileType = sourcecode.swift; path = InMemoryFeedStore.swift; sourceTree = "<group>"; };
		2A7967EE2E58C23C00A77FE1 /* AppDelegate.swift */ = {isa = PBXFileReference; lastKnownFileType = sourcecode.swift; path = AppDelegate.swift; sourceTree = "<group>"; };
		2A7967EF2E58C23C00A77FE1 /* Assets.xcassets */ = {isa = PBXFileReference; lastKnownFileType = folder.assetcatalog; path = Assets.xcassets; sourceTree = "<group>"; };
		2A7967F02E58C23C00A77FE1 /* Info.plist */ = {isa = PBXFileReference; lastKnownFileType = text.plist.xml; path = Info.plist; sourceTree = "<group>"; };
		2A7967F12E58C23C00A77FE1 /* Base */ = {isa = PBXFileReference; lastKnownFileType = file.storyboard; name = Base; path = Base.lproj/LaunchScreen.storyboard; sourceTree = "<group>"; };
		2A7967F32E58C23C00A77FE1 /* Base */ = {isa = PBXFileReference; lastKnownFileType = file.storyboard; name = Base; path = Base.lproj/Main.storyboard; sourceTree = "<group>"; };
		2A7967F52E58C23C00A77FE1 /* SceneDelegate.swift */ = {isa = PBXFileReference; lastKnownFileType = sourcecode.swift; path = SceneDelegate.swift; sourceTree = "<group>"; };
		2A7967F62E58C23C00A77FE1 /* ViewController.swift */ = {isa = PBXFileReference; lastKnownFileType = sourcecode.swift; path = ViewController.swift; sourceTree = "<group>"; };
		2A7968052E58C33B00A77FE1 /* EssentialFeed.framework */ = {isa = PBXFileReference; explicitFileType = wrapper.framework; path = EssentialFeed.framework; sourceTree = BUILT_PRODUCTS_DIR; };
		2A7968062E58C33B00A77FE1 /* EssentialFeediOS.framework */ = {isa = PBXFileReference; explicitFileType = wrapper.framework; path = EssentialFeediOS.framework; sourceTree = BUILT_PRODUCTS_DIR; };
		2A79680C2E58C5F200A77FE1 /* FeedLoaderWithFallbackCompositeTests.swift */ = {isa = PBXFileReference; lastKnownFileType = sourcecode.swift; path = FeedLoaderWithFallbackCompositeTests.swift; sourceTree = "<group>"; };
		2A7A48672E58C97E0057AA42 /* FeedLoaderWithFallbackComposite.swift */ = {isa = PBXFileReference; lastKnownFileType = sourcecode.swift; path = FeedLoaderWithFallbackComposite.swift; sourceTree = "<group>"; };
		2A7A48692E58CA2F0057AA42 /* FeedImageDataLoaderWithFallbackCompositeTests.swift */ = {isa = PBXFileReference; lastKnownFileType = sourcecode.swift; path = FeedImageDataLoaderWithFallbackCompositeTests.swift; sourceTree = "<group>"; };
		2A7A486B2E58CFEF0057AA42 /* FeedImageDataLoaderWithFallbackComposite.swift */ = {isa = PBXFileReference; lastKnownFileType = sourcecode.swift; path = FeedImageDataLoaderWithFallbackComposite.swift; sourceTree = "<group>"; };
		2A7A486E2E58D0780057AA42 /* XCTestCase+MemoryLeakTracking.swift */ = {isa = PBXFileReference; lastKnownFileType = sourcecode.swift; path = "XCTestCase+MemoryLeakTracking.swift"; sourceTree = "<group>"; };
		2A7A48702E58D0C80057AA42 /* SharedTestHelpers.swift */ = {isa = PBXFileReference; lastKnownFileType = sourcecode.swift; path = SharedTestHelpers.swift; sourceTree = "<group>"; };
		2A90135A2E590F67007D8423 /* CI_EssentialApp.xctestplan */ = {isa = PBXFileReference; lastKnownFileType = text; name = CI_EssentialApp.xctestplan; path = ../CI_EssentialApp.xctestplan; sourceTree = "<group>"; };
		2A9089212E59EC7A001E849C /* FeedLoaderCacheDecoratorTests.swift */ = {isa = PBXFileReference; lastKnownFileType = sourcecode.swift; path = FeedLoaderCacheDecoratorTests.swift; sourceTree = "<group>"; };
		2A9089232E59EF6F001E849C /* FeedLoaderStub.swift */ = {isa = PBXFileReference; lastKnownFileType = sourcecode.swift; path = FeedLoaderStub.swift; sourceTree = "<group>"; };
		2A9089252E59F074001E849C /* XCTestCase+FeedLoader.swift */ = {isa = PBXFileReference; lastKnownFileType = sourcecode.swift; path = "XCTestCase+FeedLoader.swift"; sourceTree = "<group>"; };
		2A9089292E59F7D6001E849C /* FeedLoaderCacheDecorator.swift */ = {isa = PBXFileReference; lastKnownFileType = sourcecode.swift; path = FeedLoaderCacheDecorator.swift; sourceTree = "<group>"; };
		2A90892B2E59F8F7001E849C /* FeedImageDataLoaderCacheDecoratorTests.swift */ = {isa = PBXFileReference; lastKnownFileType = sourcecode.swift; path = FeedImageDataLoaderCacheDecoratorTests.swift; sourceTree = "<group>"; };
		2A90892D2E59FAF0001E849C /* FeedImageDataLoaderSpy.swift */ = {isa = PBXFileReference; lastKnownFileType = sourcecode.swift; path = FeedImageDataLoaderSpy.swift; sourceTree = "<group>"; };
		2A90892F2E59FB4C001E849C /* XCTestCase+FeedImageDataLoader.swift */ = {isa = PBXFileReference; lastKnownFileType = sourcecode.swift; path = "XCTestCase+FeedImageDataLoader.swift"; sourceTree = "<group>"; };
		2A9089332E59FEBA001E849C /* FeedImageDataLoaderCacheDecorator.swift */ = {isa = PBXFileReference; lastKnownFileType = sourcecode.swift; path = FeedImageDataLoaderCacheDecorator.swift; sourceTree = "<group>"; };
		2A9DB1182E5601D500458F6D /* EssentialApp.app */ = {isa = PBXFileReference; explicitFileType = wrapper.application; includeInIndex = 0; path = EssentialApp.app; sourceTree = BUILT_PRODUCTS_DIR; };
		2A9DB12E2E5601D700458F6D /* EssentialAppTests.xctest */ = {isa = PBXFileReference; explicitFileType = wrapper.cfbundle; includeInIndex = 0; path = EssentialAppTests.xctest; sourceTree = BUILT_PRODUCTS_DIR; };
/* End PBXFileReference section */

/* Begin PBXFrameworksBuildPhase section */
		2A9DB1152E5601D500458F6D /* Frameworks */ = {
			isa = PBXFrameworksBuildPhase;
			buildActionMask = 2147483647;
			files = (
				2A7968072E58C33B00A77FE1 /* EssentialFeed.framework in Frameworks */,
				2A7968092E58C33B00A77FE1 /* EssentialFeediOS.framework in Frameworks */,
			);
			runOnlyForDeploymentPostprocessing = 0;
		};
		2A9DB12B2E5601D700458F6D /* Frameworks */ = {
			isa = PBXFrameworksBuildPhase;
			buildActionMask = 2147483647;
			files = (
			);
			runOnlyForDeploymentPostprocessing = 0;
		};
/* End PBXFrameworksBuildPhase section */

/* Begin PBXGroup section */
		2A7967F72E58C23C00A77FE1 /* EssentialApp */ = {
			isa = PBXGroup;
			children = (
				2A7967EE2E58C23C00A77FE1 /* AppDelegate.swift */,
				2A7967EF2E58C23C00A77FE1 /* Assets.xcassets */,
				2A7967F02E58C23C00A77FE1 /* Info.plist */,
				2A7967F22E58C23C00A77FE1 /* LaunchScreen.storyboard */,
				2A7967F42E58C23C00A77FE1 /* Main.storyboard */,
				2A7967F52E58C23C00A77FE1 /* SceneDelegate.swift */,
				2A6C59D32E7FEABD00B3047D /* FeedUIComposer.swift */,
				2A6C59D42E7FEABD00B3047D /* FeedLoaderPresentationAdapter.swift */,
				2A6C59D52E7FEABD00B3047D /* FeedImageDataLoaderPresentationAdapter.swift */,
				2A6C59D62E7FEABD00B3047D /* FeedViewAdapter.swift */,
				2A6C59D72E7FEABD00B3047D /* MainQueueDispatchDecorator.swift */,
				2A6C59D82E7FEABD00B3047D /* WeakRefVirtualProxy.swift */,
				2A7967F62E58C23C00A77FE1 /* ViewController.swift */,
				2A7A48672E58C97E0057AA42 /* FeedLoaderWithFallbackComposite.swift */,
				2A7A486B2E58CFEF0057AA42 /* FeedImageDataLoaderWithFallbackComposite.swift */,
				2A9089292E59F7D6001E849C /* FeedLoaderCacheDecorator.swift */,
				2A9089332E59FEBA001E849C /* FeedImageDataLoaderCacheDecorator.swift */,
			);
			path = EssentialApp;
			sourceTree = "<group>";
		};
		2A79680B2E58C5DC00A77FE1 /* EssentialAppTests */ = {
			isa = PBXGroup;
			children = (
				2A7A486D2E58D06A0057AA42 /* Helpers */,
				2A79680C2E58C5F200A77FE1 /* FeedLoaderWithFallbackCompositeTests.swift */,
				2A6C59DF2E7FEAF900B3047D /* FeedUIIntegrationTests.swift */,
				2A7A48692E58CA2F0057AA42 /* FeedImageDataLoaderWithFallbackCompositeTests.swift */,
				2A6C59F32E7FF25D00B3047D /* FeedAcceptanceTests.swift */,
				2A9089212E59EC7A001E849C /* FeedLoaderCacheDecoratorTests.swift */,
				2A90892B2E59F8F7001E849C /* FeedImageDataLoaderCacheDecoratorTests.swift */,
				2A6C59D12E7FE97900B3047D /* SceneDelegateTests.swift */,
			);
			path = EssentialAppTests;
			sourceTree = "<group>";
		};
		2A7A486D2E58D06A0057AA42 /* Helpers */ = {
			isa = PBXGroup;
			children = (
				2A7A486E2E58D0780057AA42 /* XCTestCase+MemoryLeakTracking.swift */,
				2A7A48702E58D0C80057AA42 /* SharedTestHelpers.swift */,
				2A6C59E12E7FEB2700B3047D /* UIControl+TestHelpers.swift */,
				2A6C59E22E7FEB2700B3047D /* UIButton+TestHelpers.swift */,
				2A6C59E32E7FEB2700B3047D /* UIRefreshControl+TestHelpers.swift */,
				2A6C59E42E7FEB2700B3047D /* UIImage+TestHelpers.swift */,
				2A6C59E52E7FEB2700B3047D /* FeedViewControllerTests+Localization.swift */,
				2A6C59F72E7FFB6E00B3047D /* InMemoryFeedStore.swift */,
				2A6C59E62E7FEB2700B3047D /* FeedViewControllerTests+LoaderSpy.swift */,
				2A6C59E72E7FEB2700B3047D /* FeedViewControllerTests+Assertions.swift */,
				2A6C59F52E7FFB1400B3047D /* HTTPClientStub.swift */,
				2A6C59E82E7FEB2700B3047D /* FeedImageCell+TestHelpers.swift */,
				2A6C59E92E7FEB2700B3047D /* FeedViewController+TestHelpers.swift */,
				2A90892D2E59FAF0001E849C /* FeedImageDataLoaderSpy.swift */,
				2A9089252E59F074001E849C /* XCTestCase+FeedLoader.swift */,
				2A90892F2E59FB4C001E849C /* XCTestCase+FeedImageDataLoader.swift */,
				2A9089232E59EF6F001E849C /* FeedLoaderStub.swift */,
			);
			path = Helpers;
			sourceTree = "<group>";
		};
		2A9DB10F2E5601D500458F6D = {
			isa = PBXGroup;
			children = (
				2A90135A2E590F67007D8423 /* CI_EssentialApp.xctestplan */,
				2A7967F72E58C23C00A77FE1 /* EssentialApp */,
				2A79680B2E58C5DC00A77FE1 /* EssentialAppTests */,
				2AD2AB002E5608FF00A25E20 /* Frameworks */,
				2A9DB1192E5601D500458F6D /* Products */,
			);
			sourceTree = "<group>";
		};
		2A9DB1192E5601D500458F6D /* Products */ = {
			isa = PBXGroup;
			children = (
				2A9DB1182E5601D500458F6D /* EssentialApp.app */,
				2A9DB12E2E5601D700458F6D /* EssentialAppTests.xctest */,
			);
			name = Products;
			sourceTree = "<group>";
		};
		2AD2AB002E5608FF00A25E20 /* Frameworks */ = {
			isa = PBXGroup;
			children = (
				2A7968052E58C33B00A77FE1 /* EssentialFeed.framework */,
				2A7968062E58C33B00A77FE1 /* EssentialFeediOS.framework */,
			);
			name = Frameworks;
			sourceTree = "<group>";
		};
/* End PBXGroup section */

/* Begin PBXNativeTarget section */
		2A9DB1172E5601D500458F6D /* EssentialApp */ = {
			isa = PBXNativeTarget;
			buildConfigurationList = 2A9DB1412E5601D700458F6D /* Build configuration list for PBXNativeTarget "EssentialApp" */;
			buildPhases = (
				2A9DB1142E5601D500458F6D /* Sources */,
				2A9DB1152E5601D500458F6D /* Frameworks */,
				2A9DB1162E5601D500458F6D /* Resources */,
				2AD2AB172E5608FF00A25E20 /* Embed Frameworks */,
			);
			buildRules = (
			);
			dependencies = (
			);
			name = EssentialApp;
			packageProductDependencies = (
			);
			productName = EssentialApp;
			productReference = 2A9DB1182E5601D500458F6D /* EssentialApp.app */;
			productType = "com.apple.product-type.application";
		};
		2A9DB12D2E5601D700458F6D /* EssentialAppTests */ = {
			isa = PBXNativeTarget;
			buildConfigurationList = 2A9DB1462E5601D700458F6D /* Build configuration list for PBXNativeTarget "EssentialAppTests" */;
			buildPhases = (
				2A9DB12A2E5601D700458F6D /* Sources */,
				2A9DB12B2E5601D700458F6D /* Frameworks */,
				2A9DB12C2E5601D700458F6D /* Resources */,
			);
			buildRules = (
			);
			dependencies = (
				2A9DB1302E5601D700458F6D /* PBXTargetDependency */,
			);
			name = EssentialAppTests;
			packageProductDependencies = (
			);
			productName = EssentialAppTests;
			productReference = 2A9DB12E2E5601D700458F6D /* EssentialAppTests.xctest */;
			productType = "com.apple.product-type.bundle.unit-test";
		};
/* End PBXNativeTarget section */

/* Begin PBXProject section */
		2A9DB1102E5601D500458F6D /* Project object */ = {
			isa = PBXProject;
			attributes = {
				BuildIndependentTargetsInParallel = 1;
				LastSwiftUpdateCheck = 1640;
				LastUpgradeCheck = 1640;
				TargetAttributes = {
					2A9DB1172E5601D500458F6D = {
						CreatedOnToolsVersion = 16.4;
					};
					2A9DB12D2E5601D700458F6D = {
						CreatedOnToolsVersion = 16.4;
						LastSwiftMigration = 1640;
						TestTargetID = 2A9DB1172E5601D500458F6D;
					};
				};
			};
			buildConfigurationList = 2A9DB1132E5601D500458F6D /* Build configuration list for PBXProject "EssentialApp" */;
			developmentRegion = en;
			hasScannedForEncodings = 0;
			knownRegions = (
				en,
				Base,
			);
			mainGroup = 2A9DB10F2E5601D500458F6D;
			minimizedProjectReferenceProxies = 1;
			preferredProjectObjectVersion = 77;
			productRefGroup = 2A9DB1192E5601D500458F6D /* Products */;
			projectDirPath = "";
			projectRoot = "";
			targets = (
				2A9DB1172E5601D500458F6D /* EssentialApp */,
				2A9DB12D2E5601D700458F6D /* EssentialAppTests */,
			);
		};
/* End PBXProject section */

/* Begin PBXResourcesBuildPhase section */
		2A9DB1162E5601D500458F6D /* Resources */ = {
			isa = PBXResourcesBuildPhase;
			buildActionMask = 2147483647;
			files = (
				2A7967FB2E58C23C00A77FE1 /* Assets.xcassets in Resources */,
				2A7967FD2E58C23C00A77FE1 /* LaunchScreen.storyboard in Resources */,
				2A7967FE2E58C23C00A77FE1 /* Main.storyboard in Resources */,
			);
			runOnlyForDeploymentPostprocessing = 0;
		};
		2A9DB12C2E5601D700458F6D /* Resources */ = {
			isa = PBXResourcesBuildPhase;
			buildActionMask = 2147483647;
			files = (
			);
			runOnlyForDeploymentPostprocessing = 0;
		};
/* End PBXResourcesBuildPhase section */

/* Begin PBXSourcesBuildPhase section */
		2A9DB1142E5601D500458F6D /* Sources */ = {
			isa = PBXSourcesBuildPhase;
			buildActionMask = 2147483647;
			files = (
				2A7967F82E58C23C00A77FE1 /* AppDelegate.swift in Sources */,
				2A7967F92E58C23C00A77FE1 /* SceneDelegate.swift in Sources */,
				2A7A48682E58C97E0057AA42 /* FeedLoaderWithFallbackComposite.swift in Sources */,
				2A6C59D92E7FEABD00B3047D /* FeedImageDataLoaderPresentationAdapter.swift in Sources */,
				2A6C59DA2E7FEABD00B3047D /* FeedLoaderPresentationAdapter.swift in Sources */,
				2A6C59DB2E7FEABD00B3047D /* MainQueueDispatchDecorator.swift in Sources */,
				2A6C59DC2E7FEABD00B3047D /* WeakRefVirtualProxy.swift in Sources */,
				2A6C59DD2E7FEABD00B3047D /* FeedUIComposer.swift in Sources */,
				2A6C59DE2E7FEABD00B3047D /* FeedViewAdapter.swift in Sources */,
				2A90892A2E59F7D6001E849C /* FeedLoaderCacheDecorator.swift in Sources */,
				2A7967FA2E58C23C00A77FE1 /* ViewController.swift in Sources */,
				2A7A486C2E58CFEF0057AA42 /* FeedImageDataLoaderWithFallbackComposite.swift in Sources */,
				2A9089342E59FEBA001E849C /* FeedImageDataLoaderCacheDecorator.swift in Sources */,
			);
			runOnlyForDeploymentPostprocessing = 0;
		};
		2A9DB12A2E5601D700458F6D /* Sources */ = {
			isa = PBXSourcesBuildPhase;
			buildActionMask = 2147483647;
			files = (
				2A7A48712E58D0C80057AA42 /* SharedTestHelpers.swift in Sources */,
				2A90892C2E59F8F7001E849C /* FeedImageDataLoaderCacheDecoratorTests.swift in Sources */,
				2A9089262E59F074001E849C /* XCTestCase+FeedLoader.swift in Sources */,
				2A9089302E59FB4C001E849C /* XCTestCase+FeedImageDataLoader.swift in Sources */,
				2A6C59E02E7FEAF900B3047D /* FeedUIIntegrationTests.swift in Sources */,
				2A6C59D22E7FE97900B3047D /* SceneDelegateTests.swift in Sources */,
				2A7A486A2E58CA2F0057AA42 /* FeedImageDataLoaderWithFallbackCompositeTests.swift in Sources */,
				2A90892E2E59FAF0001E849C /* FeedImageDataLoaderSpy.swift in Sources */,
				2A79680D2E58C5F200A77FE1 /* FeedLoaderWithFallbackCompositeTests.swift in Sources */,
				2A6C59EA2E7FEB2700B3047D /* FeedImageCell+TestHelpers.swift in Sources */,
				2A6C59EB2E7FEB2700B3047D /* FeedViewController+TestHelpers.swift in Sources */,
				2A6C59F82E7FFB6E00B3047D /* InMemoryFeedStore.swift in Sources */,
				2A6C59EC2E7FEB2700B3047D /* UIImage+TestHelpers.swift in Sources */,
				2A6C59ED2E7FEB2700B3047D /* UIRefreshControl+TestHelpers.swift in Sources */,
				2A6C59EE2E7FEB2700B3047D /* FeedViewControllerTests+Assertions.swift in Sources */,
				2A6C59EF2E7FEB2700B3047D /* FeedViewControllerTests+Localization.swift in Sources */,
				2A6C59F62E7FFB1400B3047D /* HTTPClientStub.swift in Sources */,
				2A6C59F02E7FEB2700B3047D /* UIControl+TestHelpers.swift in Sources */,
				2A6C59F12E7FEB2700B3047D /* FeedViewControllerTests+LoaderSpy.swift in Sources */,
				2A6C59F22E7FEB2700B3047D /* UIButton+TestHelpers.swift in Sources */,
				2A6C59F42E7FF25D00B3047D /* FeedAcceptanceTests.swift in Sources */,
				2A9089222E59EC7A001E849C /* FeedLoaderCacheDecoratorTests.swift in Sources */,
				2A9089242E59EF6F001E849C /* FeedLoaderStub.swift in Sources */,
				2A7A486F2E58D0780057AA42 /* XCTestCase+MemoryLeakTracking.swift in Sources */,
			);
			runOnlyForDeploymentPostprocessing = 0;
		};
/* End PBXSourcesBuildPhase section */

/* Begin PBXTargetDependency section */
		2A9DB1302E5601D700458F6D /* PBXTargetDependency */ = {
			isa = PBXTargetDependency;
			target = 2A9DB1172E5601D500458F6D /* EssentialApp */;
			targetProxy = 2A9DB12F2E5601D700458F6D /* PBXContainerItemProxy */;
		};
/* End PBXTargetDependency section */

/* Begin PBXVariantGroup section */
		2A7967F22E58C23C00A77FE1 /* LaunchScreen.storyboard */ = {
			isa = PBXVariantGroup;
			children = (
				2A7967F12E58C23C00A77FE1 /* Base */,
			);
			name = LaunchScreen.storyboard;
			sourceTree = "<group>";
		};
		2A7967F42E58C23C00A77FE1 /* Main.storyboard */ = {
			isa = PBXVariantGroup;
			children = (
				2A7967F32E58C23C00A77FE1 /* Base */,
			);
			name = Main.storyboard;
			sourceTree = "<group>";
		};
/* End PBXVariantGroup section */

/* Begin XCBuildConfiguration section */
		2A9DB1422E5601D700458F6D /* Debug */ = {
			isa = XCBuildConfiguration;
			buildSettings = {
				ASSETCATALOG_COMPILER_APPICON_NAME = AppIcon;
				ASSETCATALOG_COMPILER_GLOBAL_ACCENT_COLOR_NAME = AccentColor;
				CODE_SIGN_STYLE = Automatic;
				CURRENT_PROJECT_VERSION = 1;
				DEVELOPMENT_TEAM = KA8242WP63;
				GENERATE_INFOPLIST_FILE = YES;
				INFOPLIST_FILE = EssentialApp/Info.plist;
				INFOPLIST_KEY_UIApplicationSupportsIndirectInputEvents = YES;
				INFOPLIST_KEY_UILaunchStoryboardName = LaunchScreen;
				INFOPLIST_KEY_UIMainStoryboardFile = Main;
				INFOPLIST_KEY_UISupportedInterfaceOrientations_iPad = "UIInterfaceOrientationPortrait UIInterfaceOrientationPortraitUpsideDown UIInterfaceOrientationLandscapeLeft UIInterfaceOrientationLandscapeRight";
				INFOPLIST_KEY_UISupportedInterfaceOrientations_iPhone = "UIInterfaceOrientationPortrait UIInterfaceOrientationLandscapeLeft UIInterfaceOrientationLandscapeRight";
				IPHONEOS_DEPLOYMENT_TARGET = 18.0;
				LD_RUNPATH_SEARCH_PATHS = (
					"$(inherited)",
					"@executable_path/Frameworks",
				);
				MACOSX_DEPLOYMENT_TARGET = 14.6;
				MARKETING_VERSION = 1.0;
				PRODUCT_BUNDLE_IDENTIFIER = com.chtzimas.EssentialApp;
				PRODUCT_NAME = "$(TARGET_NAME)";
				SWIFT_EMIT_LOC_STRINGS = YES;
				SWIFT_VERSION = 5.0;
				TARGETED_DEVICE_FAMILY = "1,2";
			};
			name = Debug;
		};
		2A9DB1432E5601D700458F6D /* Release */ = {
			isa = XCBuildConfiguration;
			buildSettings = {
				ASSETCATALOG_COMPILER_APPICON_NAME = AppIcon;
				ASSETCATALOG_COMPILER_GLOBAL_ACCENT_COLOR_NAME = AccentColor;
				CODE_SIGN_STYLE = Automatic;
				CURRENT_PROJECT_VERSION = 1;
				DEVELOPMENT_TEAM = KA8242WP63;
				GENERATE_INFOPLIST_FILE = YES;
				INFOPLIST_FILE = EssentialApp/Info.plist;
				INFOPLIST_KEY_UIApplicationSupportsIndirectInputEvents = YES;
				INFOPLIST_KEY_UILaunchStoryboardName = LaunchScreen;
				INFOPLIST_KEY_UIMainStoryboardFile = Main;
				INFOPLIST_KEY_UISupportedInterfaceOrientations_iPad = "UIInterfaceOrientationPortrait UIInterfaceOrientationPortraitUpsideDown UIInterfaceOrientationLandscapeLeft UIInterfaceOrientationLandscapeRight";
				INFOPLIST_KEY_UISupportedInterfaceOrientations_iPhone = "UIInterfaceOrientationPortrait UIInterfaceOrientationLandscapeLeft UIInterfaceOrientationLandscapeRight";
				IPHONEOS_DEPLOYMENT_TARGET = 18.0;
				LD_RUNPATH_SEARCH_PATHS = (
					"$(inherited)",
					"@executable_path/Frameworks",
				);
				MACOSX_DEPLOYMENT_TARGET = 14.6;
				MARKETING_VERSION = 1.0;
				PRODUCT_BUNDLE_IDENTIFIER = com.chtzimas.EssentialApp;
				PRODUCT_NAME = "$(TARGET_NAME)";
				SWIFT_EMIT_LOC_STRINGS = YES;
				SWIFT_VERSION = 5.0;
				TARGETED_DEVICE_FAMILY = "1,2";
			};
			name = Release;
		};
		2A9DB1442E5601D700458F6D /* Debug */ = {
			isa = XCBuildConfiguration;
			buildSettings = {
				ALWAYS_SEARCH_USER_PATHS = NO;
				ASSETCATALOG_COMPILER_GENERATE_SWIFT_ASSET_SYMBOL_EXTENSIONS = YES;
				CLANG_ANALYZER_NONNULL = YES;
				CLANG_ANALYZER_NUMBER_OBJECT_CONVERSION = YES_AGGRESSIVE;
				CLANG_CXX_LANGUAGE_STANDARD = "gnu++20";
				CLANG_ENABLE_MODULES = YES;
				CLANG_ENABLE_OBJC_ARC = YES;
				CLANG_ENABLE_OBJC_WEAK = YES;
				CLANG_WARN_BLOCK_CAPTURE_AUTORELEASING = YES;
				CLANG_WARN_BOOL_CONVERSION = YES;
				CLANG_WARN_COMMA = YES;
				CLANG_WARN_CONSTANT_CONVERSION = YES;
				CLANG_WARN_DEPRECATED_OBJC_IMPLEMENTATIONS = YES;
				CLANG_WARN_DIRECT_OBJC_ISA_USAGE = YES_ERROR;
				CLANG_WARN_DOCUMENTATION_COMMENTS = YES;
				CLANG_WARN_EMPTY_BODY = YES;
				CLANG_WARN_ENUM_CONVERSION = YES;
				CLANG_WARN_INFINITE_RECURSION = YES;
				CLANG_WARN_INT_CONVERSION = YES;
				CLANG_WARN_NON_LITERAL_NULL_CONVERSION = YES;
				CLANG_WARN_OBJC_IMPLICIT_RETAIN_SELF = YES;
				CLANG_WARN_OBJC_LITERAL_CONVERSION = YES;
				CLANG_WARN_OBJC_ROOT_CLASS = YES_ERROR;
				CLANG_WARN_QUOTED_INCLUDE_IN_FRAMEWORK_HEADER = YES;
				CLANG_WARN_RANGE_LOOP_ANALYSIS = YES;
				CLANG_WARN_STRICT_PROTOTYPES = YES;
				CLANG_WARN_SUSPICIOUS_MOVE = YES;
				CLANG_WARN_UNGUARDED_AVAILABILITY = YES_AGGRESSIVE;
				CLANG_WARN_UNREACHABLE_CODE = YES;
				CLANG_WARN__DUPLICATE_METHOD_MATCH = YES;
				COPY_PHASE_STRIP = NO;
				DEBUG_INFORMATION_FORMAT = dwarf;
				DEVELOPMENT_TEAM = KA8242WP63;
				ENABLE_STRICT_OBJC_MSGSEND = YES;
				ENABLE_TESTABILITY = YES;
				ENABLE_USER_SCRIPT_SANDBOXING = YES;
				GCC_C_LANGUAGE_STANDARD = gnu17;
				GCC_DYNAMIC_NO_PIC = NO;
				GCC_NO_COMMON_BLOCKS = YES;
				GCC_OPTIMIZATION_LEVEL = 0;
				GCC_PREPROCESSOR_DEFINITIONS = (
					"DEBUG=1",
					"$(inherited)",
				);
				GCC_WARN_64_TO_32_BIT_CONVERSION = YES;
				GCC_WARN_ABOUT_RETURN_TYPE = YES_ERROR;
				GCC_WARN_UNDECLARED_SELECTOR = YES;
				GCC_WARN_UNINITIALIZED_AUTOS = YES_AGGRESSIVE;
				GCC_WARN_UNUSED_FUNCTION = YES;
				GCC_WARN_UNUSED_VARIABLE = YES;
				IPHONEOS_DEPLOYMENT_TARGET = 18.5;
				LOCALIZATION_PREFERS_STRING_CATALOGS = YES;
				MTL_ENABLE_DEBUG_INFO = INCLUDE_SOURCE;
				MTL_FAST_MATH = YES;
				ONLY_ACTIVE_ARCH = YES;
				SDKROOT = iphoneos;
				SWIFT_ACTIVE_COMPILATION_CONDITIONS = "DEBUG $(inherited)";
				SWIFT_OPTIMIZATION_LEVEL = "-Onone";
			};
			name = Debug;
		};
		2A9DB1452E5601D700458F6D /* Release */ = {
			isa = XCBuildConfiguration;
			buildSettings = {
				ALWAYS_SEARCH_USER_PATHS = NO;
				ASSETCATALOG_COMPILER_GENERATE_SWIFT_ASSET_SYMBOL_EXTENSIONS = YES;
				CLANG_ANALYZER_NONNULL = YES;
				CLANG_ANALYZER_NUMBER_OBJECT_CONVERSION = YES_AGGRESSIVE;
				CLANG_CXX_LANGUAGE_STANDARD = "gnu++20";
				CLANG_ENABLE_MODULES = YES;
				CLANG_ENABLE_OBJC_ARC = YES;
				CLANG_ENABLE_OBJC_WEAK = YES;
				CLANG_WARN_BLOCK_CAPTURE_AUTORELEASING = YES;
				CLANG_WARN_BOOL_CONVERSION = YES;
				CLANG_WARN_COMMA = YES;
				CLANG_WARN_CONSTANT_CONVERSION = YES;
				CLANG_WARN_DEPRECATED_OBJC_IMPLEMENTATIONS = YES;
				CLANG_WARN_DIRECT_OBJC_ISA_USAGE = YES_ERROR;
				CLANG_WARN_DOCUMENTATION_COMMENTS = YES;
				CLANG_WARN_EMPTY_BODY = YES;
				CLANG_WARN_ENUM_CONVERSION = YES;
				CLANG_WARN_INFINITE_RECURSION = YES;
				CLANG_WARN_INT_CONVERSION = YES;
				CLANG_WARN_NON_LITERAL_NULL_CONVERSION = YES;
				CLANG_WARN_OBJC_IMPLICIT_RETAIN_SELF = YES;
				CLANG_WARN_OBJC_LITERAL_CONVERSION = YES;
				CLANG_WARN_OBJC_ROOT_CLASS = YES_ERROR;
				CLANG_WARN_QUOTED_INCLUDE_IN_FRAMEWORK_HEADER = YES;
				CLANG_WARN_RANGE_LOOP_ANALYSIS = YES;
				CLANG_WARN_STRICT_PROTOTYPES = YES;
				CLANG_WARN_SUSPICIOUS_MOVE = YES;
				CLANG_WARN_UNGUARDED_AVAILABILITY = YES_AGGRESSIVE;
				CLANG_WARN_UNREACHABLE_CODE = YES;
				CLANG_WARN__DUPLICATE_METHOD_MATCH = YES;
				COPY_PHASE_STRIP = NO;
				DEBUG_INFORMATION_FORMAT = "dwarf-with-dsym";
				DEVELOPMENT_TEAM = KA8242WP63;
				ENABLE_NS_ASSERTIONS = NO;
				ENABLE_STRICT_OBJC_MSGSEND = YES;
				ENABLE_USER_SCRIPT_SANDBOXING = YES;
				GCC_C_LANGUAGE_STANDARD = gnu17;
				GCC_NO_COMMON_BLOCKS = YES;
				GCC_WARN_64_TO_32_BIT_CONVERSION = YES;
				GCC_WARN_ABOUT_RETURN_TYPE = YES_ERROR;
				GCC_WARN_UNDECLARED_SELECTOR = YES;
				GCC_WARN_UNINITIALIZED_AUTOS = YES_AGGRESSIVE;
				GCC_WARN_UNUSED_FUNCTION = YES;
				GCC_WARN_UNUSED_VARIABLE = YES;
				IPHONEOS_DEPLOYMENT_TARGET = 18.5;
				LOCALIZATION_PREFERS_STRING_CATALOGS = YES;
				MTL_ENABLE_DEBUG_INFO = NO;
				MTL_FAST_MATH = YES;
				SDKROOT = iphoneos;
				SWIFT_COMPILATION_MODE = wholemodule;
				VALIDATE_PRODUCT = YES;
			};
			name = Release;
		};
		2A9DB1472E5601D700458F6D /* Debug */ = {
			isa = XCBuildConfiguration;
			buildSettings = {
				BUNDLE_LOADER = "$(TEST_HOST)";
				CLANG_ENABLE_MODULES = YES;
				CODE_SIGN_STYLE = Automatic;
				CURRENT_PROJECT_VERSION = 1;
				DEVELOPMENT_TEAM = KA8242WP63;
				GENERATE_INFOPLIST_FILE = YES;
				IPHONEOS_DEPLOYMENT_TARGET = 18.0;
				MACOSX_DEPLOYMENT_TARGET = 14.6;
				MARKETING_VERSION = 1.0;
				PRODUCT_BUNDLE_IDENTIFIER = com.chtzimas.EssentialAppTests;
				PRODUCT_NAME = "$(TARGET_NAME)";
				SWIFT_EMIT_LOC_STRINGS = NO;
				SWIFT_OPTIMIZATION_LEVEL = "-Onone";
				SWIFT_VERSION = 5.0;
				TARGETED_DEVICE_FAMILY = "1,2";
				TEST_HOST = "$(BUILT_PRODUCTS_DIR)/EssentialApp.app/$(BUNDLE_EXECUTABLE_FOLDER_PATH)/EssentialApp";
			};
			name = Debug;
		};
		2A9DB1482E5601D700458F6D /* Release */ = {
			isa = XCBuildConfiguration;
			buildSettings = {
				BUNDLE_LOADER = "$(TEST_HOST)";
				CLANG_ENABLE_MODULES = YES;
				CODE_SIGN_STYLE = Automatic;
				CURRENT_PROJECT_VERSION = 1;
				DEVELOPMENT_TEAM = KA8242WP63;
				GENERATE_INFOPLIST_FILE = YES;
				IPHONEOS_DEPLOYMENT_TARGET = 18.0;
				MACOSX_DEPLOYMENT_TARGET = 14.6;
				MARKETING_VERSION = 1.0;
				PRODUCT_BUNDLE_IDENTIFIER = com.chtzimas.EssentialAppTests;
				PRODUCT_NAME = "$(TARGET_NAME)";
				SWIFT_EMIT_LOC_STRINGS = NO;
				SWIFT_VERSION = 5.0;
				TARGETED_DEVICE_FAMILY = "1,2";
				TEST_HOST = "$(BUILT_PRODUCTS_DIR)/EssentialApp.app/$(BUNDLE_EXECUTABLE_FOLDER_PATH)/EssentialApp";
			};
			name = Release;
		};
/* End XCBuildConfiguration section */

/* Begin XCConfigurationList section */
		2A9DB1132E5601D500458F6D /* Build configuration list for PBXProject "EssentialApp" */ = {
			isa = XCConfigurationList;
			buildConfigurations = (
				2A9DB1442E5601D700458F6D /* Debug */,
				2A9DB1452E5601D700458F6D /* Release */,
			);
			defaultConfigurationIsVisible = 0;
			defaultConfigurationName = Release;
		};
		2A9DB1412E5601D700458F6D /* Build configuration list for PBXNativeTarget "EssentialApp" */ = {
			isa = XCConfigurationList;
			buildConfigurations = (
				2A9DB1422E5601D700458F6D /* Debug */,
				2A9DB1432E5601D700458F6D /* Release */,
			);
			defaultConfigurationIsVisible = 0;
			defaultConfigurationName = Release;
		};
		2A9DB1462E5601D700458F6D /* Build configuration list for PBXNativeTarget "EssentialAppTests" */ = {
			isa = XCConfigurationList;
			buildConfigurations = (
				2A9DB1472E5601D700458F6D /* Debug */,
				2A9DB1482E5601D700458F6D /* Release */,
			);
			defaultConfigurationIsVisible = 0;
			defaultConfigurationName = Release;
		};
/* End XCConfigurationList section */
	};
	rootObject = 2A9DB1102E5601D500458F6D /* Project object */;
}
